// !$*UTF8*$!
{
	archiveVersion = 1;
	classes = {
	};
	objectVersion = 77;
	objects = {

/* Begin PBXFileReference section */
		820845842D78AC2C005F81D1 /* index-claude.html */ = {isa = PBXFileReference; lastKnownFileType = text.html; path = "index-claude.html"; sourceTree = "<group>"; };
		820845862D78AC5D005F81D1 /* script-claude.js */ = {isa = PBXFileReference; lastKnownFileType = sourcecode.javascript; path = "script-claude.js"; sourceTree = "<group>"; };
		820845872D78AC96005F81D1 /* styles.css */ = {isa = PBXFileReference; lastKnownFileType = text.css; path = styles.css; sourceTree = "<group>"; };
		8208458A2D78FE6D005F81D1 /* icon-color.svg */ = {isa = PBXFileReference; lastKnownFileType = text; path = "icon-color.svg"; sourceTree = "<group>"; };
		8208458B2D78FE88005F81D1 /* icon-outline.svg */ = {isa = PBXFileReference; lastKnownFileType = text; path = "icon-outline.svg"; sourceTree = "<group>"; };
		8208458C2D79022E005F81D1 /* script.js */ = {isa = PBXFileReference; lastKnownFileType = sourcecode.javascript; path = script.js; sourceTree = "<group>"; };
		8208458D2D790251005F81D1 /* index.html */ = {isa = PBXFileReference; lastKnownFileType = text.html; path = index.html; sourceTree = "<group>"; };
/* End PBXFileReference section */

/* Begin PBXGroup section */
		8208457D2D78AC1F005F81D1 = {
			isa = PBXGroup;
			children = (
				820845842D78AC2C005F81D1 /* index-claude.html */,
				8208458D2D790251005F81D1 /* index.html */,
				820845862D78AC5D005F81D1 /* script-claude.js */,
				8208458C2D79022E005F81D1 /* script.js */,
				8208458A2D78FE6D005F81D1 /* icon-color.svg */,
				8208458B2D78FE88005F81D1 /* icon-outline.svg */,
				820845872D78AC96005F81D1 /* styles.css */,
			);
			sourceTree = "<group>";
		};
/* End PBXGroup section */

/* Begin PBXProject section */
		8208457E2D78AC1F005F81D1 /* Project object */ = {
			isa = PBXProject;
			attributes = {
				BuildIndependentTargetsInParallel = 1;
				LastUpgradeCheck = 1620;
			};
			buildConfigurationList = 820845812D78AC1F005F81D1 /* Build configuration list for PBXProject "kidventure2" */;
			developmentRegion = en;
			hasScannedForEncodings = 0;
			knownRegions = (
				en,
				Base,
			);
			mainGroup = 8208457D2D78AC1F005F81D1;
			minimizedProjectReferenceProxies = 1;
			preferredProjectObjectVersion = 77;
			projectDirPath = "";
			projectRoot = "";
			targets = (
			);
		};
/* End PBXProject section */

/* Begin XCBuildConfiguration section */
		820845822D78AC1F005F81D1 /* Debug */ = {
			isa = XCBuildConfiguration;
			buildSettings = {
			};
			name = Debug;
		};
		820845832D78AC1F005F81D1 /* Release */ = {
			isa = XCBuildConfiguration;
			buildSettings = {
			};
			name = Release;
		};
/* End XCBuildConfiguration section */

/* Begin XCConfigurationList section */
		820845812D78AC1F005F81D1 /* Build configuration list for PBXProject "kidventure2" */ = {
			isa = XCConfigurationList;
			buildConfigurations = (
				820845822D78AC1F005F81D1 /* Debug */,
				820845832D78AC1F005F81D1 /* Release */,
			);
			defaultConfigurationIsVisible = 0;
			defaultConfigurationName = Release;
		};
/* End XCConfigurationList section */
	};
	rootObject = 8208457E2D78AC1F005F81D1 /* Project object */;
}
